
Microsoft Visual Studio Solution File, Format Version 12.00
# Visual Studio Version 17
VisualStudioVersion = 17.10.35013.160
MinimumVisualStudioVersion = 10.0.40219.1
Project("{8BC9CEB8-8B4A-11D0-8D11-00A0C91BC942}") = "PE-To-Shellcode", "PE-To-Shellcode\PE-To-Shellcode.vcxproj", "{6AA56A0A-00F8-4D51-9490-1A07EE5787C1}"
EndProject
Project("{8BC9CEB8-8B4A-11D0-8D11-00A0C91BC942}") = "ExamplePeWithArgs", "ExamplePeWithArgs\ExamplePeWithArgs.vcxproj", "{D62BEB9F-9F08-4C3B-A6EA-ABDBB54209F4}"
EndProject
Project("{8BC9CEB8-8B4A-11D0-8D11-00A0C91BC942}") = "RunShellcode", "RunShellcode\RunShellcode.vcxproj", "{7D5334E6-C45E-4337-AAE6-53D3B6BA4C5C}"
EndProject
Global
	GlobalSection(SolutionConfigurationPlatforms) = preSolution
		Debug|x64 = Debug|x64
		Debug|x86 = Debug|x86
		Release|x64 = Release|x64
		Release|x86 = Release|x86
	EndGlobalSection
	GlobalSection(ProjectConfigurationPlatforms) = postSolution
		{6AA56A0A-00F8-4D51-9490-1A07EE5787C1}.Debug|x64.ActiveCfg = Debug|x64
		{6AA56A0A-00F8-4D51-9490-1A07EE5787C1}.Debug|x64.Build.0 = Debug|x64
		{6AA56A0A-00F8-4D51-9490-1A07EE5787C1}.Debug|x86.ActiveCfg = Debug|Win32
		{6AA56A0A-00F8-4D51-9490-1A07EE5787C1}.Debug|x86.Build.0 = Debug|Win32
		{6AA56A0A-00F8-4D51-9490-1A07EE5787C1}.Release|x64.ActiveCfg = Release|x64
		{6AA56A0A-00F8-4D51-9490-1A07EE5787C1}.Release|x64.Build.0 = Release|x64
		{6AA56A0A-00F8-4D51-9490-1A07EE5787C1}.Release|x86.ActiveCfg = Release|Win32
		{6AA56A0A-00F8-4D51-9490-1A07EE5787C1}.Release|x86.Build.0 = Release|Win32
		{D62BEB9F-9F08-4C3B-A6EA-ABDBB54209F4}.Debug|x64.ActiveCfg = Debug|x64
		{D62BEB9F-9F08-4C3B-A6EA-ABDBB54209F4}.Debug|x64.Build.0 = Debug|x64
		{D62BEB9F-9F08-4C3B-A6EA-ABDBB54209F4}.Debug|x86.ActiveCfg = Debug|Win32
		{D62BEB9F-9F08-4C3B-A6EA-ABDBB54209F4}.Debug|x86.Build.0 = Debug|Win32
		{D62BEB9F-9F08-4C3B-A6EA-ABDBB54209F4}.Release|x64.ActiveCfg = Release|x64
		{D62BEB9F-9F08-4C3B-A6EA-ABDBB54209F4}.Release|x64.Build.0 = Release|x64
		{D62BEB9F-9F08-4C3B-A6EA-ABDBB54209F4}.Release|x86.ActiveCfg = Release|Win32
		{D62BEB9F-9F08-4C3B-A6EA-ABDBB54209F4}.Release|x86.Build.0 = Release|Win32
		{7D5334E6-C45E-4337-AAE6-53D3B6BA4C5C}.Debug|x64.ActiveCfg = Debug|x64
		{7D5334E6-C45E-4337-AAE6-53D3B6BA4C5C}.Debug|x64.Build.0 = Debug|x64
		{7D5334E6-C45E-4337-AAE6-53D3B6BA4C5C}.Debug|x86.ActiveCfg = Debug|Win32
		{7D5334E6-C45E-4337-AAE6-53D3B6BA4C5C}.Debug|x86.Build.0 = Debug|Win32
		{7D5334E6-C45E-4337-AAE6-53D3B6BA4C5C}.Release|x64.ActiveCfg = Release|x64
		{7D5334E6-C45E-4337-AAE6-53D3B6BA4C5C}.Release|x64.Build.0 = Release|x64
		{7D5334E6-C45E-4337-AAE6-53D3B6BA4C5C}.Release|x86.ActiveCfg = Release|Win32
		{7D5334E6-C45E-4337-AAE6-53D3B6BA4C5C}.Release|x86.Build.0 = Release|Win32
	EndGlobalSection
	GlobalSection(SolutionProperties) = preSolution
		HideSolutionNode = FALSE
	EndGlobalSection
	GlobalSection(ExtensibilityGlobals) = postSolution
		SolutionGuid = {730C62FD-3DE3-429C-85E9-6D97A85891F6}
	EndGlobalSection
EndGlobal
